
Microsoft Visual Studio Solution File, Format Version 12.00
# Visual Studio Version 17
VisualStudioVersion = 17.14.36511.14 d17.14
MinimumVisualStudioVersion = 10.0.40219.1
Project("{FAE04EC0-301F-11D3-BF4B-00C04F79EFBC}") = "DKrey_TODO_list", "DKrey_TODO_list\DKrey_TODO_list.csproj", "{A8402750-8702-4776-919D-D4C24498C407}"
EndProject
Global
	GlobalSection(SolutionConfigurationPlatforms) = preSolution
		Debug|Any CPU = Debug|Any CPU
		Release|Any CPU = Release|Any CPU
	EndGlobalSection
	GlobalSection(ProjectConfigurationPlatforms) = postSolution
		{A8402750-8702-4776-919D-D4C24498C407}.Debug|Any CPU.ActiveCfg = Debug|Any CPU
		{A8402750-8702-4776-919D-D4C24498C407}.Debug|Any CPU.Build.0 = Debug|Any CPU
		{A8402750-8702-4776-919D-D4C24498C407}.Release|Any CPU.ActiveCfg = Release|Any CPU
		{A8402750-8702-4776-919D-D4C24498C407}.Release|Any CPU.Build.0 = Release|Any CPU
	EndGlobalSection
	GlobalSection(SolutionProperties) = preSolution
		HideSolutionNode = FALSE
	EndGlobalSection
	GlobalSection(ExtensibilityGlobals) = postSolution
		SolutionGuid = {9436CEC0-084C-420B-8992-A439CADCAC63}
	EndGlobalSection
EndGlobal
